
Microsoft Visual Studio Solution File, Format Version 12.00
# Visual Studio 15
VisualStudioVersion = 15.0.27703.2035
MinimumVisualStudioVersion = 10.0.40219.1
Project("{8BC9CEB8-8B4A-11D0-8D11-00A0C91BC942}") = "Corsair Ambience", "Corsair Ambience\Corsair Ambience.vcxproj", "{3AF69BF8-9ACB-49BE-AC17-2A7AA687033E}"
EndProject
Global
	GlobalSection(SolutionConfigurationPlatforms) = preSolution
		Debug|x64 = Debug|x64
		Debug|x86 = Debug|x86
		Release|x64 = Release|x64
		Release|x86 = Release|x86
	EndGlobalSection
	GlobalSection(ProjectConfigurationPlatforms) = postSolution
		{3AF69BF8-9ACB-49BE-AC17-2A7AA687033E}.Debug|x64.ActiveCfg = Debug|x64
		{3AF69BF8-9ACB-49BE-AC17-2A7AA687033E}.Debug|x64.Build.0 = Debug|x64
		{3AF69BF8-9ACB-49BE-AC17-2A7AA687033E}.Debug|x86.ActiveCfg = Debug|Win32
		{3AF69BF8-9ACB-49BE-AC17-2A7AA687033E}.Debug|x86.Build.0 = Debug|Win32
		{3AF69BF8-9ACB-49BE-AC17-2A7AA687033E}.Release|x64.ActiveCfg = Release|x64
		{3AF69BF8-9ACB-49BE-AC17-2A7AA687033E}.Release|x64.Build.0 = Release|x64
		{3AF69BF8-9ACB-49BE-AC17-2A7AA687033E}.Release|x86.ActiveCfg = Release|Win32
		{3AF69BF8-9ACB-49BE-AC17-2A7AA687033E}.Release|x86.Build.0 = Release|Win32
	EndGlobalSection
	GlobalSection(SolutionProperties) = preSolution
		HideSolutionNode = FALSE
	EndGlobalSection
	GlobalSection(ExtensibilityGlobals) = postSolution
		SolutionGuid = {20CF2DB5-A578-4B16-9B61-FEED26402FA7}
	EndGlobalSection
EndGlobal
